PODS:
  - Alamofire (4.5.1)
  - CocoaLumberjack/Default (3.4.1)
  - CocoaLumberjack/Swift (3.4.1):
    - CocoaLumberjack/Default
  - Fuzi (2.0.1)
  - Kingfisher (4.6.3)
  - SwiftColor (0.6.0)

DEPENDENCIES:
  - Alamofire (= 4.5.1)
  - CocoaLumberjack/Swift
  - Fuzi
  - Kingfisher
  - SwiftColor

SPEC CHECKSUMS:
  Alamofire: 2d95912bf4c34f164fdfc335872e8c312acaea4a
  CocoaLumberjack: 2e258a064cacc8eb9a2aca318e24d02a0a7fd56d
  Fuzi: f64983dea705491d3aedd32351247a09523e7efd
  Kingfisher: 98e6d5b5e807645743e8ed5ececd25d688d38452
  SwiftColor: ce45cc128e2a433a20e6f052c41f533590a567b4

PODFILE CHECKSUM: bb03e0c828515e40f15d85142b03a25086947cdc

COCOAPODS: 1.4.0
